// !$*UTF8*$!
{
	archiveVersion = 1;
	classes = {
	};
	objectVersion = 51;
	objects = {

/* Begin PBXBuildFile section */
		10DA338F27B15F7A0075B822 /* AppDelegate.swift in Sources */ = {isa = PBXBuildFile; fileRef = 10DA338E27B15F7A0075B822 /* AppDelegate.swift */; };
		10DA339127B15F7A0075B822 /* SceneDelegate.swift in Sources */ = {isa = PBXBuildFile; fileRef = 10DA339027B15F7A0075B822 /* SceneDelegate.swift */; };
		10DA339327B15F7A0075B822 /* ViewController.swift in Sources */ = {isa = PBXBuildFile; fileRef = 10DA339227B15F7A0075B822 /* ViewController.swift */; };
		10DA339627B15F7A0075B822 /* Main.storyboard in Resources */ = {isa = PBXBuildFile; fileRef = 10DA339427B15F7A0075B822 /* Main.storyboard */; };
		10DA339827B15F7D0075B822 /* Assets.xcassets in Resources */ = {isa = PBXBuildFile; fileRef = 10DA339727B15F7D0075B822 /* Assets.xcassets */; };
		10DA339B27B15F7D0075B822 /* LaunchScreen.storyboard in Resources */ = {isa = PBXBuildFile; fileRef = 10DA339927B15F7D0075B822 /* LaunchScreen.storyboard */; };
		2CA528FFC405E7C43751E960 /* Pods_player_sdk_rn_child_vc.framework in Frameworks */ = {isa = PBXBuildFile; fileRef = 4D77C9CD1DCED22A1F3D357B /* Pods_player_sdk_rn_child_vc.framework */; };
/* End PBXBuildFile section */

/* Begin PBXFileReference section */
		0745F9D8E325777FFA8E1F86 /* Pods-player-sdk-rn-child-vc.release.xcconfig */ = {isa = PBXFileReference; includeInIndex = 1; lastKnownFileType = text.xcconfig; name = "Pods-player-sdk-rn-child-vc.release.xcconfig"; path = "Target Support Files/Pods-player-sdk-rn-child-vc/Pods-player-sdk-rn-child-vc.release.xcconfig"; sourceTree = "<group>"; };
		10DA338B27B15F7A0075B822 /* player-sdk-rn-child-vc.app */ = {isa = PBXFileReference; explicitFileType = wrapper.application; includeInIndex = 0; path = "player-sdk-rn-child-vc.app"; sourceTree = BUILT_PRODUCTS_DIR; };
		10DA338E27B15F7A0075B822 /* AppDelegate.swift */ = {isa = PBXFileReference; lastKnownFileType = sourcecode.swift; path = AppDelegate.swift; sourceTree = "<group>"; };
		10DA339027B15F7A0075B822 /* SceneDelegate.swift */ = {isa = PBXFileReference; lastKnownFileType = sourcecode.swift; path = SceneDelegate.swift; sourceTree = "<group>"; };
		10DA339227B15F7A0075B822 /* ViewController.swift */ = {isa = PBXFileReference; lastKnownFileType = sourcecode.swift; path = ViewController.swift; sourceTree = "<group>"; };
		10DA339527B15F7A0075B822 /* Base */ = {isa = PBXFileReference; lastKnownFileType = file.storyboard; name = Base; path = Base.lproj/Main.storyboard; sourceTree = "<group>"; };
		10DA339727B15F7D0075B822 /* Assets.xcassets */ = {isa = PBXFileReference; lastKnownFileType = folder.assetcatalog; path = Assets.xcassets; sourceTree = "<group>"; };
		10DA339A27B15F7D0075B822 /* Base */ = {isa = PBXFileReference; lastKnownFileType = file.storyboard; name = Base; path = Base.lproj/LaunchScreen.storyboard; sourceTree = "<group>"; };
		10DA339C27B15F7D0075B822 /* Info.plist */ = {isa = PBXFileReference; lastKnownFileType = text.plist.xml; path = Info.plist; sourceTree = "<group>"; };
		4D77C9CD1DCED22A1F3D357B /* Pods_player_sdk_rn_child_vc.framework */ = {isa = PBXFileReference; explicitFileType = wrapper.framework; includeInIndex = 0; path = Pods_player_sdk_rn_child_vc.framework; sourceTree = BUILT_PRODUCTS_DIR; };
		844261938F0752F53EF59FEA /* Pods-player-sdk-rn-child-vc.debug.xcconfig */ = {isa = PBXFileReference; includeInIndex = 1; lastKnownFileType = text.xcconfig; name = "Pods-player-sdk-rn-child-vc.debug.xcconfig"; path = "Target Support Files/Pods-player-sdk-rn-child-vc/Pods-player-sdk-rn-child-vc.debug.xcconfig"; sourceTree = "<group>"; };
/* End PBXFileReference section */

/* Begin PBXFrameworksBuildPhase section */
		10DA338827B15F7A0075B822 /* Frameworks */ = {
			isa = PBXFrameworksBuildPhase;
			buildActionMask = 2147483647;
			files = (
				2CA528FFC405E7C43751E960 /* Pods_player_sdk_rn_child_vc.framework in Frameworks */,
			);
			runOnlyForDeploymentPostprocessing = 0;
		};
/* End PBXFrameworksBuildPhase section */

/* Begin PBXGroup section */
		10DA338227B15F7A0075B822 = {
			isa = PBXGroup;
			children = (
				10DA338D27B15F7A0075B822 /* player-sdk-rn-child-vc */,
				10DA338C27B15F7A0075B822 /* Products */,
				1E13DCC83C5584840045DFF7 /* Pods */,
				74368B8A6329624A4551D22D /* Frameworks */,
			);
			sourceTree = "<group>";
		};
		10DA338C27B15F7A0075B822 /* Products */ = {
			isa = PBXGroup;
			children = (
				10DA338B27B15F7A0075B822 /* player-sdk-rn-child-vc.app */,
			);
			name = Products;
			sourceTree = "<group>";
		};
		10DA338D27B15F7A0075B822 /* player-sdk-rn-child-vc */ = {
			isa = PBXGroup;
			children = (
				10DA338E27B15F7A0075B822 /* AppDelegate.swift */,
				10DA339027B15F7A0075B822 /* SceneDelegate.swift */,
				10DA339227B15F7A0075B822 /* ViewController.swift */,
				10DA339427B15F7A0075B822 /* Main.storyboard */,
				10DA339727B15F7D0075B822 /* Assets.xcassets */,
				10DA339927B15F7D0075B822 /* LaunchScreen.storyboard */,
				10DA339C27B15F7D0075B822 /* Info.plist */,
			);
			path = "player-sdk-rn-child-vc";
			sourceTree = "<group>";
		};
		1E13DCC83C5584840045DFF7 /* Pods */ = {
			isa = PBXGroup;
			children = (
				844261938F0752F53EF59FEA /* Pods-player-sdk-rn-child-vc.debug.xcconfig */,
				0745F9D8E325777FFA8E1F86 /* Pods-player-sdk-rn-child-vc.release.xcconfig */,
			);
			path = Pods;
			sourceTree = "<group>";
		};
		74368B8A6329624A4551D22D /* Frameworks */ = {
			isa = PBXGroup;
			children = (
				4D77C9CD1DCED22A1F3D357B /* Pods_player_sdk_rn_child_vc.framework */,
			);
			name = Frameworks;
			sourceTree = "<group>";
		};
/* End PBXGroup section */

/* Begin PBXNativeTarget section */
		10DA338A27B15F7A0075B822 /* player-sdk-rn-child-vc */ = {
			isa = PBXNativeTarget;
			buildConfigurationList = 10DA339F27B15F7D0075B822 /* Build configuration list for PBXNativeTarget "player-sdk-rn-child-vc" */;
			buildPhases = (
				D1826F9614A5BC58C46462E7 /* [CP] Check Pods Manifest.lock */,
				10DA338727B15F7A0075B822 /* Sources */,
				10DA338827B15F7A0075B822 /* Frameworks */,
				10DA338927B15F7A0075B822 /* Resources */,
				1CC08DA6D49F2743B24CF97B /* [CP] Embed Pods Frameworks */,
				99903C6075830DC458AA6155 /* [CP] Copy Pods Resources */,
			);
			buildRules = (
			);
			dependencies = (
			);
			name = "player-sdk-rn-child-vc";
			productName = "player-sdk-rn-child-vc";
			productReference = 10DA338B27B15F7A0075B822 /* player-sdk-rn-child-vc.app */;
			productType = "com.apple.product-type.application";
		};
/* End PBXNativeTarget section */

/* Begin PBXProject section */
		10DA338327B15F7A0075B822 /* Project object */ = {
			isa = PBXProject;
			attributes = {
				LastSwiftUpdateCheck = 1250;
				LastUpgradeCheck = 1250;
				TargetAttributes = {
					10DA338A27B15F7A0075B822 = {
						CreatedOnToolsVersion = 12.5.1;
					};
				};
			};
			buildConfigurationList = 10DA338627B15F7A0075B822 /* Build configuration list for PBXProject "player-sdk-rn-child-vc" */;
			compatibilityVersion = "Xcode 9.3";
			developmentRegion = en;
			hasScannedForEncodings = 0;
			knownRegions = (
				en,
				Base,
			);
			mainGroup = 10DA338227B15F7A0075B822;
			productRefGroup = 10DA338C27B15F7A0075B822 /* Products */;
			projectDirPath = "";
			projectRoot = "";
			targets = (
				10DA338A27B15F7A0075B822 /* player-sdk-rn-child-vc */,
			);
		};
/* End PBXProject section */

/* Begin PBXResourcesBuildPhase section */
		10DA338927B15F7A0075B822 /* Resources */ = {
			isa = PBXResourcesBuildPhase;
			buildActionMask = 2147483647;
			files = (
				10DA339B27B15F7D0075B822 /* LaunchScreen.storyboard in Resources */,
				10DA339827B15F7D0075B822 /* Assets.xcassets in Resources */,
				10DA339627B15F7A0075B822 /* Main.storyboard in Resources */,
			);
			runOnlyForDeploymentPostprocessing = 0;
		};
/* End PBXResourcesBuildPhase section */

/* Begin PBXShellScriptBuildPhase section */
		1CC08DA6D49F2743B24CF97B /* [CP] Embed Pods Frameworks */ = {
			isa = PBXShellScriptBuildPhase;
			buildActionMask = 2147483647;
			files = (
			);
			inputFileListPaths = (
				"${PODS_ROOT}/Target Support Files/Pods-player-sdk-rn-child-vc/Pods-player-sdk-rn-child-vc-frameworks-${CONFIGURATION}-input-files.xcfilelist",
			);
			name = "[CP] Embed Pods Frameworks";
			outputFileListPaths = (
				"${PODS_ROOT}/Target Support Files/Pods-player-sdk-rn-child-vc/Pods-player-sdk-rn-child-vc-frameworks-${CONFIGURATION}-output-files.xcfilelist",
			);
			runOnlyForDeploymentPostprocessing = 0;
			shellPath = /bin/sh;
			shellScript = "\"${PODS_ROOT}/Target Support Files/Pods-player-sdk-rn-child-vc/Pods-player-sdk-rn-child-vc-frameworks.sh\"\n";
			showEnvVarsInLog = 0;
		};
		99903C6075830DC458AA6155 /* [CP] Copy Pods Resources */ = {
			isa = PBXShellScriptBuildPhase;
			buildActionMask = 2147483647;
			files = (
			);
			inputFileListPaths = (
				"${PODS_ROOT}/Target Support Files/Pods-player-sdk-rn-child-vc/Pods-player-sdk-rn-child-vc-resources-${CONFIGURATION}-input-files.xcfilelist",
			);
			name = "[CP] Copy Pods Resources";
			outputFileListPaths = (
				"${PODS_ROOT}/Target Support Files/Pods-player-sdk-rn-child-vc/Pods-player-sdk-rn-child-vc-resources-${CONFIGURATION}-output-files.xcfilelist",
			);
			runOnlyForDeploymentPostprocessing = 0;
			shellPath = /bin/sh;
			shellScript = "\"${PODS_ROOT}/Target Support Files/Pods-player-sdk-rn-child-vc/Pods-player-sdk-rn-child-vc-resources.sh\"\n";
			showEnvVarsInLog = 0;
		};
		D1826F9614A5BC58C46462E7 /* [CP] Check Pods Manifest.lock */ = {
			isa = PBXShellScriptBuildPhase;
			buildActionMask = 2147483647;
			files = (
			);
			inputFileListPaths = (
			);
			inputPaths = (
				"${PODS_PODFILE_DIR_PATH}/Podfile.lock",
				"${PODS_ROOT}/Manifest.lock",
			);
			name = "[CP] Check Pods Manifest.lock";
			outputFileListPaths = (
			);
			outputPaths = (
				"$(DERIVED_FILE_DIR)/Pods-player-sdk-rn-child-vc-checkManifestLockResult.txt",
			);
			runOnlyForDeploymentPostprocessing = 0;
			shellPath = /bin/sh;
			shellScript = "diff \"${PODS_PODFILE_DIR_PATH}/Podfile.lock\" \"${PODS_ROOT}/Manifest.lock\" > /dev/null\nif [ $? != 0 ] ; then\n    # print error to STDERR\n    echo \"error: The sandbox is not in sync with the Podfile.lock. Run 'pod install' or update your CocoaPods installation.\" >&2\n    exit 1\nfi\n# This output is used by Xcode 'outputs' to avoid re-running this script phase.\necho \"SUCCESS\" > \"${SCRIPT_OUTPUT_FILE_0}\"\n";
			showEnvVarsInLog = 0;
		};
/* End PBXShellScriptBuildPhase section */

/* Begin PBXSourcesBuildPhase section */
		10DA338727B15F7A0075B822 /* Sources */ = {
			isa = PBXSourcesBuildPhase;
			buildActionMask = 2147483647;
			files = (
				10DA339327B15F7A0075B822 /* ViewController.swift in Sources */,
				10DA338F27B15F7A0075B822 /* AppDelegate.swift in Sources */,
				10DA339127B15F7A0075B822 /* SceneDelegate.swift in Sources */,
			);
			runOnlyForDeploymentPostprocessing = 0;
		};
/* End PBXSourcesBuildPhase section */

/* Begin PBXVariantGroup section */
		10DA339427B15F7A0075B822 /* Main.storyboard */ = {
			isa = PBXVariantGroup;
			children = (
				10DA339527B15F7A0075B822 /* Base */,
			);
			name = Main.storyboard;
			sourceTree = "<group>";
		};
		10DA339927B15F7D0075B822 /* LaunchScreen.storyboard */ = {
			isa = PBXVariantGroup;
			children = (
				10DA339A27B15F7D0075B822 /* Base */,
			);
			name = LaunchScreen.storyboard;
			sourceTree = "<group>";
		};
/* End PBXVariantGroup section */

/* Begin XCBuildConfiguration section */
		10DA339D27B15F7D0075B822 /* Debug */ = {
			isa = XCBuildConfiguration;
			buildSettings = {
				ALWAYS_SEARCH_USER_PATHS = NO;
				CLANG_ANALYZER_NONNULL = YES;
				CLANG_ANALYZER_NUMBER_OBJECT_CONVERSION = YES_AGGRESSIVE;
				CLANG_CXX_LANGUAGE_STANDARD = "gnu++14";
				CLANG_CXX_LIBRARY = "libc++";
				CLANG_ENABLE_MODULES = YES;
				CLANG_ENABLE_OBJC_ARC = YES;
				CLANG_ENABLE_OBJC_WEAK = YES;
				CLANG_WARN_BLOCK_CAPTURE_AUTORELEASING = YES;
				CLANG_WARN_BOOL_CONVERSION = YES;
				CLANG_WARN_COMMA = YES;
				CLANG_WARN_CONSTANT_CONVERSION = YES;
				CLANG_WARN_DEPRECATED_OBJC_IMPLEMENTATIONS = YES;
				CLANG_WARN_DIRECT_OBJC_ISA_USAGE = YES_ERROR;
				CLANG_WARN_DOCUMENTATION_COMMENTS = YES;
				CLANG_WARN_EMPTY_BODY = YES;
				CLANG_WARN_ENUM_CONVERSION = YES;
				CLANG_WARN_INFINITE_RECURSION = YES;
				CLANG_WARN_INT_CONVERSION = YES;
				CLANG_WARN_NON_LITERAL_NULL_CONVERSION = YES;
				CLANG_WARN_OBJC_IMPLICIT_RETAIN_SELF = YES;
				CLANG_WARN_OBJC_LITERAL_CONVERSION = YES;
				CLANG_WARN_OBJC_ROOT_CLASS = YES_ERROR;
				CLANG_WARN_QUOTED_INCLUDE_IN_FRAMEWORK_HEADER = YES;
				CLANG_WARN_RANGE_LOOP_ANALYSIS = YES;
				CLANG_WARN_STRICT_PROTOTYPES = YES;
				CLANG_WARN_SUSPICIOUS_MOVE = YES;
				CLANG_WARN_UNGUARDED_AVAILABILITY = YES_AGGRESSIVE;
				CLANG_WARN_UNREACHABLE_CODE = YES;
				CLANG_WARN__DUPLICATE_METHOD_MATCH = YES;
				COPY_PHASE_STRIP = NO;
				DEBUG_INFORMATION_FORMAT = dwarf;
				ENABLE_STRICT_OBJC_MSGSEND = YES;
				ENABLE_TESTABILITY = YES;
				GCC_C_LANGUAGE_STANDARD = gnu11;
				GCC_DYNAMIC_NO_PIC = NO;
				GCC_NO_COMMON_BLOCKS = YES;
				GCC_OPTIMIZATION_LEVEL = 0;
				GCC_PREPROCESSOR_DEFINITIONS = (
					"DEBUG=1",
					"$(inherited)",
				);
				GCC_WARN_64_TO_32_BIT_CONVERSION = YES;
				GCC_WARN_ABOUT_RETURN_TYPE = YES_ERROR;
				GCC_WARN_UNDECLARED_SELECTOR = YES;
				GCC_WARN_UNINITIALIZED_AUTOS = YES_AGGRESSIVE;
				GCC_WARN_UNUSED_FUNCTION = YES;
				GCC_WARN_UNUSED_VARIABLE = YES;
				IPHONEOS_DEPLOYMENT_TARGET = 14.5;
				MTL_ENABLE_DEBUG_INFO = INCLUDE_SOURCE;
				MTL_FAST_MATH = YES;
				ONLY_ACTIVE_ARCH = YES;
				SDKROOT = iphoneos;
				SWIFT_ACTIVE_COMPILATION_CONDITIONS = DEBUG;
				SWIFT_OPTIMIZATION_LEVEL = "-Onone";
			};
			name = Debug;
		};
		10DA339E27B15F7D0075B822 /* Release */ = {
			isa = XCBuildConfiguration;
			buildSettings = {
				ALWAYS_SEARCH_USER_PATHS = NO;
				CLANG_ANALYZER_NONNULL = YES;
				CLANG_ANALYZER_NUMBER_OBJECT_CONVERSION = YES_AGGRESSIVE;
				CLANG_CXX_LANGUAGE_STANDARD = "gnu++14";
				CLANG_CXX_LIBRARY = "libc++";
				CLANG_ENABLE_MODULES = YES;
				CLANG_ENABLE_OBJC_ARC = YES;
				CLANG_ENABLE_OBJC_WEAK = YES;
				CLANG_WARN_BLOCK_CAPTURE_AUTORELEASING = YES;
				CLANG_WARN_BOOL_CONVERSION = YES;
				CLANG_WARN_COMMA = YES;
				CLANG_WARN_CONSTANT_CONVERSION = YES;
				CLANG_WARN_DEPRECATED_OBJC_IMPLEMENTATIONS = YES;
				CLANG_WARN_DIRECT_OBJC_ISA_USAGE = YES_ERROR;
				CLANG_WARN_DOCUMENTATION_COMMENTS = YES;
				CLANG_WARN_EMPTY_BODY = YES;
				CLANG_WARN_ENUM_CONVERSION = YES;
				CLANG_WARN_INFINITE_RECURSION = YES;
				CLANG_WARN_INT_CONVERSION = YES;
				CLANG_WARN_NON_LITERAL_NULL_CONVERSION = YES;
				CLANG_WARN_OBJC_IMPLICIT_RETAIN_SELF = YES;
				CLANG_WARN_OBJC_LITERAL_CONVERSION = YES;
				CLANG_WARN_OBJC_ROOT_CLASS = YES_ERROR;
				CLANG_WARN_QUOTED_INCLUDE_IN_FRAMEWORK_HEADER = YES;
				CLANG_WARN_RANGE_LOOP_ANALYSIS = YES;
				CLANG_WARN_STRICT_PROTOTYPES = YES;
				CLANG_WARN_SUSPICIOUS_MOVE = YES;
				CLANG_WARN_UNGUARDED_AVAILABILITY = YES_AGGRESSIVE;
				CLANG_WARN_UNREACHABLE_CODE = YES;
				CLANG_WARN__DUPLICATE_METHOD_MATCH = YES;
				COPY_PHASE_STRIP = NO;
				DEBUG_INFORMATION_FORMAT = "dwarf-with-dsym";
				ENABLE_NS_ASSERTIONS = NO;
				ENABLE_STRICT_OBJC_MSGSEND = YES;
				GCC_C_LANGUAGE_STANDARD = gnu11;
				GCC_NO_COMMON_BLOCKS = YES;
				GCC_WARN_64_TO_32_BIT_CONVERSION = YES;
				GCC_WARN_ABOUT_RETURN_TYPE = YES_ERROR;
				GCC_WARN_UNDECLARED_SELECTOR = YES;
				GCC_WARN_UNINITIALIZED_AUTOS = YES_AGGRESSIVE;
				GCC_WARN_UNUSED_FUNCTION = YES;
				GCC_WARN_UNUSED_VARIABLE = YES;
				IPHONEOS_DEPLOYMENT_TARGET = 14.5;
				MTL_ENABLE_DEBUG_INFO = NO;
				MTL_FAST_MATH = YES;
				SDKROOT = iphoneos;
				SWIFT_COMPILATION_MODE = wholemodule;
				SWIFT_OPTIMIZATION_LEVEL = "-O";
				VALIDATE_PRODUCT = YES;
			};
			name = Release;
		};
		10DA33A027B15F7D0075B822 /* Debug */ = {
			isa = XCBuildConfiguration;
			baseConfigurationReference = 844261938F0752F53EF59FEA /* Pods-player-sdk-rn-child-vc.debug.xcconfig */;
			buildSettings = {
				ASSETCATALOG_COMPILER_APPICON_NAME = AppIcon;
				ASSETCATALOG_COMPILER_GLOBAL_ACCENT_COLOR_NAME = AccentColor;
				CODE_SIGN_STYLE = Automatic;
				DEVELOPMENT_TEAM = 7BZWUJTHWW;
				ENABLE_BITCODE = NO;
				INFOPLIST_FILE = "player-sdk-rn-child-vc/Info.plist";
				IPHONEOS_DEPLOYMENT_TARGET = 14.3;
				LD_RUNPATH_SEARCH_PATHS = (
					"$(inherited)",
					"@executable_path/Frameworks",
				);
				PRODUCT_BUNDLE_IDENTIFIER = "com.rulosoft.player-sdk-rn-child-vc";
				PRODUCT_NAME = "$(TARGET_NAME)";
				SWIFT_VERSION = 5.0;
				TARGETED_DEVICE_FAMILY = "1,2";
			};
			name = Debug;
		};
		10DA33A127B15F7D0075B822 /* Release */ = {
			isa = XCBuildConfiguration;
			baseConfigurationReference = 0745F9D8E325777FFA8E1F86 /* Pods-player-sdk-rn-child-vc.release.xcconfig */;
			buildSettings = {
				ASSETCATALOG_COMPILER_APPICON_NAME = AppIcon;
				ASSETCATALOG_COMPILER_GLOBAL_ACCENT_COLOR_NAME = AccentColor;
				CODE_SIGN_STYLE = Automatic;
				DEVELOPMENT_TEAM = 7BZWUJTHWW;
				ENABLE_BITCODE = NO;
				INFOPLIST_FILE = "player-sdk-rn-child-vc/Info.plist";
				IPHONEOS_DEPLOYMENT_TARGET = 14.3;
				LD_RUNPATH_SEARCH_PATHS = (
					"$(inherited)",
					"@executable_path/Frameworks",
				);
				PRODUCT_BUNDLE_IDENTIFIER = "com.rulosoft.player-sdk-rn-child-vc";
				PRODUCT_NAME = "$(TARGET_NAME)";
				SWIFT_VERSION = 5.0;
				TARGETED_DEVICE_FAMILY = "1,2";
			};
			name = Release;
		};
/* End XCBuildConfiguration section */

/* Begin XCConfigurationList section */
		10DA338627B15F7A0075B822 /* Build configuration list for PBXProject "player-sdk-rn-child-vc" */ = {
			isa = XCConfigurationList;
			buildConfigurations = (
				10DA339D27B15F7D0075B822 /* Debug */,
				10DA339E27B15F7D0075B822 /* Release */,
			);
			defaultConfigurationIsVisible = 0;
			defaultConfigurationName = Release;
		};
		10DA339F27B15F7D0075B822 /* Build configuration list for PBXNativeTarget "player-sdk-rn-child-vc" */ = {
			isa = XCConfigurationList;
			buildConfigurations = (
				10DA33A027B15F7D0075B822 /* Debug */,
				10DA33A127B15F7D0075B822 /* Release */,
			);
			defaultConfigurationIsVisible = 0;
			defaultConfigurationName = Release;
		};
/* End XCConfigurationList section */
	};
	rootObject = 10DA338327B15F7A0075B822 /* Project object */;
}
